{
  "name": "visitas-main",
  "lockfileVersion": 3,
  "requires": true,
  "packages": {
    "": {
      "dependencies": {
        "@supabase/supabase-js": "^2.49.1",
        "@vitejs/plugin-react": "latest",
        "vite": "latest",
        "react": "latest",
        "react-dom": "latest",
        "lucide-react": "latest"
      },
      "devDependencies": {}
    }
  }
}
